
Microsoft Visual Studio Solution File, Format Version 12.00
# Visual Studio Version 16
VisualStudioVersion = 16.0.30717.126
MinimumVisualStudioVersion = 10.0.40219.1
Project("{FAE04EC0-301F-11D3-BF4B-00C04F79EFBC}") = "ZoomerApi", "ZoomerApi\ZoomerApi.csproj", "{AD02582E-18EB-4030-A048-7392ABD99B4D}"
EndProject
Global
	GlobalSection(SolutionConfigurationPlatforms) = preSolution
		Debug|Any CPU = Debug|Any CPU
		Release|Any CPU = Release|Any CPU
	EndGlobalSection
	GlobalSection(ProjectConfigurationPlatforms) = postSolution
		{AD02582E-18EB-4030-A048-7392ABD99B4D}.Debug|Any CPU.ActiveCfg = Debug|Any CPU
		{AD02582E-18EB-4030-A048-7392ABD99B4D}.Debug|Any CPU.Build.0 = Debug|Any CPU
		{AD02582E-18EB-4030-A048-7392ABD99B4D}.Release|Any CPU.ActiveCfg = Release|Any CPU
		{AD02582E-18EB-4030-A048-7392ABD99B4D}.Release|Any CPU.Build.0 = Release|Any CPU
	EndGlobalSection
	GlobalSection(SolutionProperties) = preSolution
		HideSolutionNode = FALSE
	EndGlobalSection
	GlobalSection(ExtensibilityGlobals) = postSolution
		SolutionGuid = {69A1B7F5-5EE9-4357-95F3-71949638581F}
	EndGlobalSection
EndGlobal
